
Microsoft Visual Studio Solution File, Format Version 12.00
# Visual Studio Version 16
VisualStudioVersion = 25.0.1704.2
MinimumVisualStudioVersion = 10.0.40219.1
Project("{FAE04EC0-301F-11D3-BF4B-00C04F79EFBC}") = "CastleOfOtranto.Strut.Mvc", "src\Mvc\CastleOfOtranto.Strut.Mvc.csproj", "{57257B1E-516F-40FB-A4EF-FBE54C1572BE}"
EndProject
Project("{FAE04EC0-301F-11D3-BF4B-00C04F79EFBC}") = "CastleOfOtranto.Strut.Abstractions", "src\Abstractions\CastleOfOtranto.Strut.Abstractions.csproj", "{CF0B4BA3-110D-41D0-A9DB-A22D81AF4400}"
EndProject
Project("{FAE04EC0-301F-11D3-BF4B-00C04F79EFBC}") = "CastleOfOtranto.Strut.SystemJson", "src\SystemJson\CastleOfOtranto.Strut.SystemJson.csproj", "{FA44C228-5D5B-4A8E-87C4-2BED7FB8BED8}"
EndProject
Project("{FAE04EC0-301F-11D3-BF4B-00C04F79EFBC}") = "CastleOfOtranto.Strut.NSwag", "src\NSwag\CastleOfOtranto.Strut.NSwag.csproj", "{EA5F2CC1-8561-43CE-A61C-56A8A06B1994}"
EndProject
Project("{FAE04EC0-301F-11D3-BF4B-00C04F79EFBC}") = "CastleOfOtranto.Strut.Swashbuckle", "src\Swashbuckle\CastleOfOtranto.Strut.Swashbuckle.csproj", "{A32EEB1A-08AB-4483-9BCF-6EB3786EA3F8}"
EndProject
Project("{FAE04EC0-301F-11D3-BF4B-00C04F79EFBC}") = "CastleOfOtranto.Strut", "src\Strut\CastleOfOtranto.Strut.csproj", "{4EEE107F-3B70-467D-A18A-2887B5D87FD1}"
EndProject
Project("{FAE04EC0-301F-11D3-BF4B-00C04F79EFBC}") = "CastleOfOtranto.Strut.Swashbuckle.Mvc", "src\Swashbuckle.Mvc\CastleOfOtranto.Strut.Swashbuckle.Mvc.csproj", "{D56609BD-5ED4-4F91-8DDD-0D688BE535E2}"
EndProject
Project("{2150E333-8FDC-42A3-9474-1A3956D46DE8}") = "Solution Items", "Solution Items", "{DBD3BE22-9535-4820-92CD-C5DB8274CA98}"
	ProjectSection(SolutionItems) = preProject
		.editorconfig = .editorconfig
	EndProjectSection
EndProject
Project("{2150E333-8FDC-42A3-9474-1A3956D46DE8}") = "src", "src", "{B21C5C8A-7755-4DAA-9B8A-FFBDB777E2C1}"
EndProject
Project("{2150E333-8FDC-42A3-9474-1A3956D46DE8}") = "test", "test", "{D7BDA276-29E7-46A0-8F6D-5FF6160DD585}"
EndProject
Project("{FAE04EC0-301F-11D3-BF4B-00C04F79EFBC}") = "CastleOfOtranto.Strut.UnitTests", "test\Strut\UnitTests\CastleOfOtranto.Strut.UnitTests.csproj", "{D05E940A-4C4E-4B09-A2C4-06F164BB097B}"
EndProject
Project("{FAE04EC0-301F-11D3-BF4B-00C04F79EFBC}") = "CastleOfOtranto.Strut.Mvc.UnitTests", "test\Mvc\UnitTests\CastleOfOtranto.Strut.Mvc.UnitTests.csproj", "{8E898054-E067-43B0-9088-EF7142AC064E}"
EndProject
Project("{FAE04EC0-301F-11D3-BF4B-00C04F79EFBC}") = "CastleOfOtranto.Strut.Swashbuckle.UnitTests", "test\Swashbuckle\UnitTests\CastleOfOtranto.Strut.Swashbuckle.UnitTests.csproj", "{1FE6274E-3094-4E1A-88A6-8205EECA1CB1}"
EndProject
Project("{FAE04EC0-301F-11D3-BF4B-00C04F79EFBC}") = "CastleOfOtranto.Strut.NSwag.UnitTests", "test\NSwag\UnitTests\CastleOfOtranto.Strut.NSwag.UnitTests.csproj", "{C5BA2382-4768-45D0-B8B8-1F4703DA016D}"
EndProject
Global
	GlobalSection(SolutionConfigurationPlatforms) = preSolution
		Debug|Any CPU = Debug|Any CPU
		Release|Any CPU = Release|Any CPU
	EndGlobalSection
	GlobalSection(ProjectConfigurationPlatforms) = postSolution
		{57257B1E-516F-40FB-A4EF-FBE54C1572BE}.Debug|Any CPU.ActiveCfg = Debug|Any CPU
		{57257B1E-516F-40FB-A4EF-FBE54C1572BE}.Debug|Any CPU.Build.0 = Debug|Any CPU
		{57257B1E-516F-40FB-A4EF-FBE54C1572BE}.Release|Any CPU.ActiveCfg = Release|Any CPU
		{57257B1E-516F-40FB-A4EF-FBE54C1572BE}.Release|Any CPU.Build.0 = Release|Any CPU
		{CF0B4BA3-110D-41D0-A9DB-A22D81AF4400}.Debug|Any CPU.ActiveCfg = Debug|Any CPU
		{CF0B4BA3-110D-41D0-A9DB-A22D81AF4400}.Debug|Any CPU.Build.0 = Debug|Any CPU
		{CF0B4BA3-110D-41D0-A9DB-A22D81AF4400}.Release|Any CPU.ActiveCfg = Release|Any CPU
		{CF0B4BA3-110D-41D0-A9DB-A22D81AF4400}.Release|Any CPU.Build.0 = Release|Any CPU
		{FA44C228-5D5B-4A8E-87C4-2BED7FB8BED8}.Debug|Any CPU.ActiveCfg = Debug|Any CPU
		{FA44C228-5D5B-4A8E-87C4-2BED7FB8BED8}.Debug|Any CPU.Build.0 = Debug|Any CPU
		{FA44C228-5D5B-4A8E-87C4-2BED7FB8BED8}.Release|Any CPU.ActiveCfg = Release|Any CPU
		{FA44C228-5D5B-4A8E-87C4-2BED7FB8BED8}.Release|Any CPU.Build.0 = Release|Any CPU
		{EA5F2CC1-8561-43CE-A61C-56A8A06B1994}.Debug|Any CPU.ActiveCfg = Debug|Any CPU
		{EA5F2CC1-8561-43CE-A61C-56A8A06B1994}.Debug|Any CPU.Build.0 = Debug|Any CPU
		{EA5F2CC1-8561-43CE-A61C-56A8A06B1994}.Release|Any CPU.ActiveCfg = Release|Any CPU
		{EA5F2CC1-8561-43CE-A61C-56A8A06B1994}.Release|Any CPU.Build.0 = Release|Any CPU
		{A32EEB1A-08AB-4483-9BCF-6EB3786EA3F8}.Debug|Any CPU.ActiveCfg = Debug|Any CPU
		{A32EEB1A-08AB-4483-9BCF-6EB3786EA3F8}.Debug|Any CPU.Build.0 = Debug|Any CPU
		{A32EEB1A-08AB-4483-9BCF-6EB3786EA3F8}.Release|Any CPU.ActiveCfg = Release|Any CPU
		{A32EEB1A-08AB-4483-9BCF-6EB3786EA3F8}.Release|Any CPU.Build.0 = Release|Any CPU
		{4EEE107F-3B70-467D-A18A-2887B5D87FD1}.Debug|Any CPU.ActiveCfg = Debug|Any CPU
		{4EEE107F-3B70-467D-A18A-2887B5D87FD1}.Debug|Any CPU.Build.0 = Debug|Any CPU
		{4EEE107F-3B70-467D-A18A-2887B5D87FD1}.Release|Any CPU.ActiveCfg = Release|Any CPU
		{4EEE107F-3B70-467D-A18A-2887B5D87FD1}.Release|Any CPU.Build.0 = Release|Any CPU
		{D56609BD-5ED4-4F91-8DDD-0D688BE535E2}.Debug|Any CPU.ActiveCfg = Debug|Any CPU
		{D56609BD-5ED4-4F91-8DDD-0D688BE535E2}.Debug|Any CPU.Build.0 = Debug|Any CPU
		{D56609BD-5ED4-4F91-8DDD-0D688BE535E2}.Release|Any CPU.ActiveCfg = Release|Any CPU
		{D56609BD-5ED4-4F91-8DDD-0D688BE535E2}.Release|Any CPU.Build.0 = Release|Any CPU
		{D05E940A-4C4E-4B09-A2C4-06F164BB097B}.Debug|Any CPU.ActiveCfg = Debug|Any CPU
		{D05E940A-4C4E-4B09-A2C4-06F164BB097B}.Debug|Any CPU.Build.0 = Debug|Any CPU
		{D05E940A-4C4E-4B09-A2C4-06F164BB097B}.Release|Any CPU.ActiveCfg = Release|Any CPU
		{D05E940A-4C4E-4B09-A2C4-06F164BB097B}.Release|Any CPU.Build.0 = Release|Any CPU
		{8E898054-E067-43B0-9088-EF7142AC064E}.Debug|Any CPU.ActiveCfg = Debug|Any CPU
		{8E898054-E067-43B0-9088-EF7142AC064E}.Debug|Any CPU.Build.0 = Debug|Any CPU
		{8E898054-E067-43B0-9088-EF7142AC064E}.Release|Any CPU.ActiveCfg = Release|Any CPU
		{8E898054-E067-43B0-9088-EF7142AC064E}.Release|Any CPU.Build.0 = Release|Any CPU
		{1FE6274E-3094-4E1A-88A6-8205EECA1CB1}.Debug|Any CPU.ActiveCfg = Debug|Any CPU
		{1FE6274E-3094-4E1A-88A6-8205EECA1CB1}.Debug|Any CPU.Build.0 = Debug|Any CPU
		{1FE6274E-3094-4E1A-88A6-8205EECA1CB1}.Release|Any CPU.ActiveCfg = Release|Any CPU
		{1FE6274E-3094-4E1A-88A6-8205EECA1CB1}.Release|Any CPU.Build.0 = Release|Any CPU
		{C5BA2382-4768-45D0-B8B8-1F4703DA016D}.Debug|Any CPU.ActiveCfg = Debug|Any CPU
		{C5BA2382-4768-45D0-B8B8-1F4703DA016D}.Debug|Any CPU.Build.0 = Debug|Any CPU
		{C5BA2382-4768-45D0-B8B8-1F4703DA016D}.Release|Any CPU.ActiveCfg = Release|Any CPU
		{C5BA2382-4768-45D0-B8B8-1F4703DA016D}.Release|Any CPU.Build.0 = Release|Any CPU
	EndGlobalSection
	GlobalSection(SolutionProperties) = preSolution
		HideSolutionNode = FALSE
	EndGlobalSection
	GlobalSection(ExtensibilityGlobals) = postSolution
		SolutionGuid = {D9F994C7-94C2-4DC2-99D3-11435619DCF4}
	EndGlobalSection
	GlobalSection(NestedProjects) = preSolution
		{4EEE107F-3B70-467D-A18A-2887B5D87FD1} = {B21C5C8A-7755-4DAA-9B8A-FFBDB777E2C1}
		{CF0B4BA3-110D-41D0-A9DB-A22D81AF4400} = {B21C5C8A-7755-4DAA-9B8A-FFBDB777E2C1}
		{57257B1E-516F-40FB-A4EF-FBE54C1572BE} = {B21C5C8A-7755-4DAA-9B8A-FFBDB777E2C1}
		{EA5F2CC1-8561-43CE-A61C-56A8A06B1994} = {B21C5C8A-7755-4DAA-9B8A-FFBDB777E2C1}
		{A32EEB1A-08AB-4483-9BCF-6EB3786EA3F8} = {B21C5C8A-7755-4DAA-9B8A-FFBDB777E2C1}
		{D56609BD-5ED4-4F91-8DDD-0D688BE535E2} = {B21C5C8A-7755-4DAA-9B8A-FFBDB777E2C1}
		{FA44C228-5D5B-4A8E-87C4-2BED7FB8BED8} = {B21C5C8A-7755-4DAA-9B8A-FFBDB777E2C1}
		{D05E940A-4C4E-4B09-A2C4-06F164BB097B} = {D7BDA276-29E7-46A0-8F6D-5FF6160DD585}
		{8E898054-E067-43B0-9088-EF7142AC064E} = {D7BDA276-29E7-46A0-8F6D-5FF6160DD585}
		{1FE6274E-3094-4E1A-88A6-8205EECA1CB1} = {D7BDA276-29E7-46A0-8F6D-5FF6160DD585}
		{C5BA2382-4768-45D0-B8B8-1F4703DA016D} = {D7BDA276-29E7-46A0-8F6D-5FF6160DD585}
	EndGlobalSection
EndGlobal
